
Microsoft Visual Studio Solution File, Format Version 12.00
# Visual Studio Version 17
VisualStudioVersion = 17.0.32014.148
MinimumVisualStudioVersion = 10.0.40219.1
Project("{9A19103F-16F7-4668-BE54-9A1E7A4F7556}") = "RecruiterPortal.Client", "RecruiterPortal.Client\RecruiterPortal.Client.csproj", "{7E3CF2DB-E7C4-4EE5-A171-232F2781B447}"
EndProject
Project("{FAE04EC0-301F-11D3-BF4B-00C04F79EFBC}") = "RecruiterPortal.Auth", "RecruiterPortal.Auth\RecruiterPortal.Auth.csproj", "{083669E9-C5DA-4FEB-9BA7-A1AF97631CB8}"
EndProject
Project("{FAE04EC0-301F-11D3-BF4B-00C04F79EFBC}") = "RecruiterPortal.API", "RecruiterPortal.API\RecruiterPortal.API.csproj", "{CFC3C261-E4B7-49F5-B6D7-200C204B6A42}"
EndProject
Global
	GlobalSection(SolutionConfigurationPlatforms) = preSolution
		Debug|Any CPU = Debug|Any CPU
		Release|Any CPU = Release|Any CPU
	EndGlobalSection
	GlobalSection(ProjectConfigurationPlatforms) = postSolution
		{7E3CF2DB-E7C4-4EE5-A171-232F2781B447}.Debug|Any CPU.ActiveCfg = Debug|Any CPU
		{7E3CF2DB-E7C4-4EE5-A171-232F2781B447}.Debug|Any CPU.Build.0 = Debug|Any CPU
		{7E3CF2DB-E7C4-4EE5-A171-232F2781B447}.Release|Any CPU.ActiveCfg = Release|Any CPU
		{7E3CF2DB-E7C4-4EE5-A171-232F2781B447}.Release|Any CPU.Build.0 = Release|Any CPU
		{083669E9-C5DA-4FEB-9BA7-A1AF97631CB8}.Debug|Any CPU.ActiveCfg = Debug|Any CPU
		{083669E9-C5DA-4FEB-9BA7-A1AF97631CB8}.Debug|Any CPU.Build.0 = Debug|Any CPU
		{083669E9-C5DA-4FEB-9BA7-A1AF97631CB8}.Release|Any CPU.ActiveCfg = Release|Any CPU
		{083669E9-C5DA-4FEB-9BA7-A1AF97631CB8}.Release|Any CPU.Build.0 = Release|Any CPU
		{CFC3C261-E4B7-49F5-B6D7-200C204B6A42}.Debug|Any CPU.ActiveCfg = Debug|Any CPU
		{CFC3C261-E4B7-49F5-B6D7-200C204B6A42}.Debug|Any CPU.Build.0 = Debug|Any CPU
		{CFC3C261-E4B7-49F5-B6D7-200C204B6A42}.Release|Any CPU.ActiveCfg = Release|Any CPU
		{CFC3C261-E4B7-49F5-B6D7-200C204B6A42}.Release|Any CPU.Build.0 = Release|Any CPU
	EndGlobalSection
	GlobalSection(SolutionProperties) = preSolution
		HideSolutionNode = FALSE
	EndGlobalSection
	GlobalSection(ExtensibilityGlobals) = postSolution
		SolutionGuid = {91D9FA7C-1965-4F8C-A7EB-A742B46E648A}
	EndGlobalSection
EndGlobal
